
Microsoft Visual Studio Solution File, Format Version 12.00
# Visual Studio Version 16
VisualStudioVersion = 16.0.33130.400
MinimumVisualStudioVersion = 10.0.40219.1
Project("{FAE04EC0-301F-11D3-BF4B-00C04F79EFBC}") = "StateMachineExample", "StateMachineExample\StateMachineExample.csproj", "{56C8F655-D54D-46C9-88B8-8F5516E031DB}"
EndProject
Global
	GlobalSection(SolutionConfigurationPlatforms) = preSolution
		Debug|Any CPU = Debug|Any CPU
		Release|Any CPU = Release|Any CPU
	EndGlobalSection
	GlobalSection(ProjectConfigurationPlatforms) = postSolution
		{56C8F655-D54D-46C9-88B8-8F5516E031DB}.Debug|Any CPU.ActiveCfg = Debug|Any CPU
		{56C8F655-D54D-46C9-88B8-8F5516E031DB}.Debug|Any CPU.Build.0 = Debug|Any CPU
		{56C8F655-D54D-46C9-88B8-8F5516E031DB}.Release|Any CPU.ActiveCfg = Release|Any CPU
		{56C8F655-D54D-46C9-88B8-8F5516E031DB}.Release|Any CPU.Build.0 = Release|Any CPU
	EndGlobalSection
	GlobalSection(SolutionProperties) = preSolution
		HideSolutionNode = FALSE
	EndGlobalSection
	GlobalSection(ExtensibilityGlobals) = postSolution
		SolutionGuid = {AA96F3C7-D715-4BB4-8E8B-AE3AD5A07C05}
	EndGlobalSection
EndGlobal
